// !$*UTF8*$!
{
	archiveVersion = 1;
	classes = {
	};
	objectVersion = 77;
	objects = {

/* Begin PBXContainerItemProxy section */
		E6CE11272EB068F800F3918C /* PBXContainerItemProxy */ = {
			isa = PBXContainerItemProxy;
			containerPortal = E6CE11112EB068F700F3918C /* Project object */;
			proxyType = 1;
			remoteGlobalIDString = E6CE11182EB068F700F3918C;
			remoteInfo = GhibliSwiftUIApp;
		};
		E6CE11312EB068F800F3918C /* PBXContainerItemProxy */ = {
			isa = PBXContainerItemProxy;
			containerPortal = E6CE11112EB068F700F3918C /* Project object */;
			proxyType = 1;
			remoteGlobalIDString = E6CE11182EB068F700F3918C;
			remoteInfo = GhibliSwiftUIApp;
		};
/* End PBXContainerItemProxy section */

/* Begin PBXFileReference section */
		E6CE11192EB068F700F3918C /* GhibliSwiftUIApp.app */ = {isa = PBXFileReference; explicitFileType = wrapper.application; includeInIndex = 0; path = GhibliSwiftUIApp.app; sourceTree = BUILT_PRODUCTS_DIR; };
		E6CE11262EB068F800F3918C /* GhibliSwiftUIAppTests.xctest */ = {isa = PBXFileReference; explicitFileType = wrapper.cfbundle; includeInIndex = 0; path = GhibliSwiftUIAppTests.xctest; sourceTree = BUILT_PRODUCTS_DIR; };
		E6CE11302EB068F800F3918C /* GhibliSwiftUIAppUITests.xctest */ = {isa = PBXFileReference; explicitFileType = wrapper.cfbundle; includeInIndex = 0; path = GhibliSwiftUIAppUITests.xctest; sourceTree = BUILT_PRODUCTS_DIR; };
/* End PBXFileReference section */

/* Begin PBXFileSystemSynchronizedRootGroup section */
		E6CE111B2EB068F700F3918C /* GhibliSwiftUIApp */ = {
			isa = PBXFileSystemSynchronizedRootGroup;
			path = GhibliSwiftUIApp;
			sourceTree = "<group>";
		};
		E6CE11292EB068F800F3918C /* GhibliSwiftUIAppTests */ = {
			isa = PBXFileSystemSynchronizedRootGroup;
			path = GhibliSwiftUIAppTests;
			sourceTree = "<group>";
		};
		E6CE11332EB068F800F3918C /* GhibliSwiftUIAppUITests */ = {
			isa = PBXFileSystemSynchronizedRootGroup;
			path = GhibliSwiftUIAppUITests;
			sourceTree = "<group>";
		};
/* End PBXFileSystemSynchronizedRootGroup section */

/* Begin PBXFrameworksBuildPhase section */
		E6CE11162EB068F700F3918C /* Frameworks */ = {
			isa = PBXFrameworksBuildPhase;
			buildActionMask = 2147483647;
			files = (
			);
			runOnlyForDeploymentPostprocessing = 0;
		};
		E6CE11232EB068F800F3918C /* Frameworks */ = {
			isa = PBXFrameworksBuildPhase;
			buildActionMask = 2147483647;
			files = (
			);
			runOnlyForDeploymentPostprocessing = 0;
		};
		E6CE112D2EB068F800F3918C /* Frameworks */ = {
			isa = PBXFrameworksBuildPhase;
			buildActionMask = 2147483647;
			files = (
			);
			runOnlyForDeploymentPostprocessing = 0;
		};
/* End PBXFrameworksBuildPhase section */

/* Begin PBXGroup section */
		E6CE11102EB068F700F3918C = {
			isa = PBXGroup;
			children = (
				E6CE111B2EB068F700F3918C /* GhibliSwiftUIApp */,
				E6CE11292EB068F800F3918C /* GhibliSwiftUIAppTests */,
				E6CE11332EB068F800F3918C /* GhibliSwiftUIAppUITests */,
				E6CE111A2EB068F700F3918C /* Products */,
			);
			sourceTree = "<group>";
		};
		E6CE111A2EB068F700F3918C /* Products */ = {
			isa = PBXGroup;
			children = (
				E6CE11192EB068F700F3918C /* GhibliSwiftUIApp.app */,
				E6CE11262EB068F800F3918C /* GhibliSwiftUIAppTests.xctest */,
				E6CE11302EB068F800F3918C /* GhibliSwiftUIAppUITests.xctest */,
			);
			name = Products;
			sourceTree = "<group>";
		};
/* End PBXGroup section */

/* Begin PBXNativeTarget section */
		E6CE11182EB068F700F3918C /* GhibliSwiftUIApp */ = {
			isa = PBXNativeTarget;
			buildConfigurationList = E6CE113A2EB068F800F3918C /* Build configuration list for PBXNativeTarget "GhibliSwiftUIApp" */;
			buildPhases = (
				E6CE11152EB068F700F3918C /* Sources */,
				E6CE11162EB068F700F3918C /* Frameworks */,
				E6CE11172EB068F700F3918C /* Resources */,
			);
			buildRules = (
			);
			dependencies = (
			);
			fileSystemSynchronizedGroups = (
				E6CE111B2EB068F700F3918C /* GhibliSwiftUIApp */,
			);
			name = GhibliSwiftUIApp;
			packageProductDependencies = (
			);
			productName = GhibliSwiftUIApp;
			productReference = E6CE11192EB068F700F3918C /* GhibliSwiftUIApp.app */;
			productType = "com.apple.product-type.application";
		};
		E6CE11252EB068F800F3918C /* GhibliSwiftUIAppTests */ = {
			isa = PBXNativeTarget;
			buildConfigurationList = E6CE113D2EB068F800F3918C /* Build configuration list for PBXNativeTarget "GhibliSwiftUIAppTests" */;
			buildPhases = (
				E6CE11222EB068F800F3918C /* Sources */,
				E6CE11232EB068F800F3918C /* Frameworks */,
				E6CE11242EB068F800F3918C /* Resources */,
			);
			buildRules = (
			);
			dependencies = (
				E6CE11282EB068F800F3918C /* PBXTargetDependency */,
			);
			fileSystemSynchronizedGroups = (
				E6CE11292EB068F800F3918C /* GhibliSwiftUIAppTests */,
			);
			name = GhibliSwiftUIAppTests;
			packageProductDependencies = (
			);
			productName = GhibliSwiftUIAppTests;
			productReference = E6CE11262EB068F800F3918C /* GhibliSwiftUIAppTests.xctest */;
			productType = "com.apple.product-type.bundle.unit-test";
		};
		E6CE112F2EB068F800F3918C /* GhibliSwiftUIAppUITests */ = {
			isa = PBXNativeTarget;
			buildConfigurationList = E6CE11402EB068F800F3918C /* Build configuration list for PBXNativeTarget "GhibliSwiftUIAppUITests" */;
			buildPhases = (
				E6CE112C2EB068F800F3918C /* Sources */,
				E6CE112D2EB068F800F3918C /* Frameworks */,
				E6CE112E2EB068F800F3918C /* Resources */,
			);
			buildRules = (
			);
			dependencies = (
				E6CE11322EB068F800F3918C /* PBXTargetDependency */,
			);
			fileSystemSynchronizedGroups = (
				E6CE11332EB068F800F3918C /* GhibliSwiftUIAppUITests */,
			);
			name = GhibliSwiftUIAppUITests;
			packageProductDependencies = (
			);
			productName = GhibliSwiftUIAppUITests;
			productReference = E6CE11302EB068F800F3918C /* GhibliSwiftUIAppUITests.xctest */;
			productType = "com.apple.product-type.bundle.ui-testing";
		};
/* End PBXNativeTarget section */

/* Begin PBXProject section */
		E6CE11112EB068F700F3918C /* Project object */ = {
			isa = PBXProject;
			attributes = {
				BuildIndependentTargetsInParallel = 1;
				LastSwiftUpdateCheck = 2600;
				LastUpgradeCheck = 2600;
				TargetAttributes = {
					E6CE11182EB068F700F3918C = {
						CreatedOnToolsVersion = 26.0.1;
					};
					E6CE11252EB068F800F3918C = {
						CreatedOnToolsVersion = 26.0.1;
						TestTargetID = E6CE11182EB068F700F3918C;
					};
					E6CE112F2EB068F800F3918C = {
						CreatedOnToolsVersion = 26.0.1;
						TestTargetID = E6CE11182EB068F700F3918C;
					};
				};
			};
			buildConfigurationList = E6CE11142EB068F700F3918C /* Build configuration list for PBXProject "GhibliSwiftUIApp" */;
			developmentRegion = en;
			hasScannedForEncodings = 0;
			knownRegions = (
				en,
				Base,
			);
			mainGroup = E6CE11102EB068F700F3918C;
			minimizedProjectReferenceProxies = 1;
			preferredProjectObjectVersion = 77;
			productRefGroup = E6CE111A2EB068F700F3918C /* Products */;
			projectDirPath = "";
			projectRoot = "";
			targets = (
				E6CE11182EB068F700F3918C /* GhibliSwiftUIApp */,
				E6CE11252EB068F800F3918C /* GhibliSwiftUIAppTests */,
				E6CE112F2EB068F800F3918C /* GhibliSwiftUIAppUITests */,
			);
		};
/* End PBXProject section */

/* Begin PBXResourcesBuildPhase section */
		E6CE11172EB068F700F3918C /* Resources */ = {
			isa = PBXResourcesBuildPhase;
			buildActionMask = 2147483647;
			files = (
			);
			runOnlyForDeploymentPostprocessing = 0;
		};
		E6CE11242EB068F800F3918C /* Resources */ = {
			isa = PBXResourcesBuildPhase;
			buildActionMask = 2147483647;
			files = (
			);
			runOnlyForDeploymentPostprocessing = 0;
		};
		E6CE112E2EB068F800F3918C /* Resources */ = {
			isa = PBXResourcesBuildPhase;
			buildActionMask = 2147483647;
			files = (
			);
			runOnlyForDeploymentPostprocessing = 0;
		};
/* End PBXResourcesBuildPhase section */

/* Begin PBXSourcesBuildPhase section */
		E6CE11152EB068F700F3918C /* Sources */ = {
			isa = PBXSourcesBuildPhase;
			buildActionMask = 2147483647;
			files = (
			);
			runOnlyForDeploymentPostprocessing = 0;
		};
		E6CE11222EB068F800F3918C /* Sources */ = {
			isa = PBXSourcesBuildPhase;
			buildActionMask = 2147483647;
			files = (
			);
			runOnlyForDeploymentPostprocessing = 0;
		};
		E6CE112C2EB068F800F3918C /* Sources */ = {
			isa = PBXSourcesBuildPhase;
			buildActionMask = 2147483647;
			files = (
			);
			runOnlyForDeploymentPostprocessing = 0;
		};
/* End PBXSourcesBuildPhase section */

/* Begin PBXTargetDependency section */
		E6CE11282EB068F800F3918C /* PBXTargetDependency */ = {
			isa = PBXTargetDependency;
			target = E6CE11182EB068F700F3918C /* GhibliSwiftUIApp */;
			targetProxy = E6CE11272EB068F800F3918C /* PBXContainerItemProxy */;
		};
		E6CE11322EB068F800F3918C /* PBXTargetDependency */ = {
			isa = PBXTargetDependency;
			target = E6CE11182EB068F700F3918C /* GhibliSwiftUIApp */;
			targetProxy = E6CE11312EB068F800F3918C /* PBXContainerItemProxy */;
		};
/* End PBXTargetDependency section */

/* Begin XCBuildConfiguration section */
		E6CE11382EB068F800F3918C /* Debug */ = {
			isa = XCBuildConfiguration;
			buildSettings = {
				ALWAYS_SEARCH_USER_PATHS = NO;
				ASSETCATALOG_COMPILER_GENERATE_SWIFT_ASSET_SYMBOL_EXTENSIONS = YES;
				CLANG_ANALYZER_NONNULL = YES;
				CLANG_ANALYZER_NUMBER_OBJECT_CONVERSION = YES_AGGRESSIVE;
				CLANG_CXX_LANGUAGE_STANDARD = "gnu++20";
				CLANG_ENABLE_MODULES = YES;
				CLANG_ENABLE_OBJC_ARC = YES;
				CLANG_ENABLE_OBJC_WEAK = YES;
				CLANG_WARN_BLOCK_CAPTURE_AUTORELEASING = YES;
				CLANG_WARN_BOOL_CONVERSION = YES;
				CLANG_WARN_COMMA = YES;
				CLANG_WARN_CONSTANT_CONVERSION = YES;
				CLANG_WARN_DEPRECATED_OBJC_IMPLEMENTATIONS = YES;
				CLANG_WARN_DIRECT_OBJC_ISA_USAGE = YES_ERROR;
				CLANG_WARN_DOCUMENTATION_COMMENTS = YES;
				CLANG_WARN_EMPTY_BODY = YES;
				CLANG_WARN_ENUM_CONVERSION = YES;
				CLANG_WARN_INFINITE_RECURSION = YES;
				CLANG_WARN_INT_CONVERSION = YES;
				CLANG_WARN_NON_LITERAL_NULL_CONVERSION = YES;
				CLANG_WARN_OBJC_IMPLICIT_RETAIN_SELF = YES;
				CLANG_WARN_OBJC_LITERAL_CONVERSION = YES;
				CLANG_WARN_OBJC_ROOT_CLASS = YES_ERROR;
				CLANG_WARN_QUOTED_INCLUDE_IN_FRAMEWORK_HEADER = YES;
				CLANG_WARN_RANGE_LOOP_ANALYSIS = YES;
				CLANG_WARN_STRICT_PROTOTYPES = YES;
				CLANG_WARN_SUSPICIOUS_MOVE = YES;
				CLANG_WARN_UNGUARDED_AVAILABILITY = YES_AGGRESSIVE;
				CLANG_WARN_UNREACHABLE_CODE = YES;
				CLANG_WARN__DUPLICATE_METHOD_MATCH = YES;
				COPY_PHASE_STRIP = NO;
				DEBUG_INFORMATION_FORMAT = dwarf;
				ENABLE_STRICT_OBJC_MSGSEND = YES;
				ENABLE_TESTABILITY = YES;
				ENABLE_USER_SCRIPT_SANDBOXING = YES;
				GCC_C_LANGUAGE_STANDARD = gnu17;
				GCC_DYNAMIC_NO_PIC = NO;
				GCC_NO_COMMON_BLOCKS = YES;
				GCC_OPTIMIZATION_LEVEL = 0;
				GCC_PREPROCESSOR_DEFINITIONS = (
					"DEBUG=1",
					"$(inherited)",
				);
				GCC_WARN_64_TO_32_BIT_CONVERSION = YES;
				GCC_WARN_ABOUT_RETURN_TYPE = YES_ERROR;
				GCC_WARN_UNDECLARED_SELECTOR = YES;
				GCC_WARN_UNINITIALIZED_AUTOS = YES_AGGRESSIVE;
				GCC_WARN_UNUSED_FUNCTION = YES;
				GCC_WARN_UNUSED_VARIABLE = YES;
				IPHONEOS_DEPLOYMENT_TARGET = 26.0;
				LOCALIZATION_PREFERS_STRING_CATALOGS = YES;
				MTL_ENABLE_DEBUG_INFO = INCLUDE_SOURCE;
				MTL_FAST_MATH = YES;
				ONLY_ACTIVE_ARCH = YES;
				SDKROOT = iphoneos;
				SWIFT_ACTIVE_COMPILATION_CONDITIONS = "DEBUG $(inherited)";
				SWIFT_OPTIMIZATION_LEVEL = "-Onone";
			};
			name = Debug;
		};
		E6CE11392EB068F800F3918C /* Release */ = {
			isa = XCBuildConfiguration;
			buildSettings = {
				ALWAYS_SEARCH_USER_PATHS = NO;
				ASSETCATALOG_COMPILER_GENERATE_SWIFT_ASSET_SYMBOL_EXTENSIONS = YES;
				CLANG_ANALYZER_NONNULL = YES;
				CLANG_ANALYZER_NUMBER_OBJECT_CONVERSION = YES_AGGRESSIVE;
				CLANG_CXX_LANGUAGE_STANDARD = "gnu++20";
				CLANG_ENABLE_MODULES = YES;
				CLANG_ENABLE_OBJC_ARC = YES;
				CLANG_ENABLE_OBJC_WEAK = YES;
				CLANG_WARN_BLOCK_CAPTURE_AUTORELEASING = YES;
				CLANG_WARN_BOOL_CONVERSION = YES;
				CLANG_WARN_COMMA = YES;
				CLANG_WARN_CONSTANT_CONVERSION = YES;
				CLANG_WARN_DEPRECATED_OBJC_IMPLEMENTATIONS = YES;
				CLANG_WARN_DIRECT_OBJC_ISA_USAGE = YES_ERROR;
				CLANG_WARN_DOCUMENTATION_COMMENTS = YES;
				CLANG_WARN_EMPTY_BODY = YES;
				CLANG_WARN_ENUM_CONVERSION = YES;
				CLANG_WARN_INFINITE_RECURSION = YES;
				CLANG_WARN_INT_CONVERSION = YES;
				CLANG_WARN_NON_LITERAL_NULL_CONVERSION = YES;
				CLANG_WARN_OBJC_IMPLICIT_RETAIN_SELF = YES;
				CLANG_WARN_OBJC_LITERAL_CONVERSION = YES;
				CLANG_WARN_OBJC_ROOT_CLASS = YES_ERROR;
				CLANG_WARN_QUOTED_INCLUDE_IN_FRAMEWORK_HEADER = YES;
				CLANG_WARN_RANGE_LOOP_ANALYSIS = YES;
				CLANG_WARN_STRICT_PROTOTYPES = YES;
				CLANG_WARN_SUSPICIOUS_MOVE = YES;
				CLANG_WARN_UNGUARDED_AVAILABILITY = YES_AGGRESSIVE;
				CLANG_WARN_UNREACHABLE_CODE = YES;
				CLANG_WARN__DUPLICATE_METHOD_MATCH = YES;
				COPY_PHASE_STRIP = NO;
				DEBUG_INFORMATION_FORMAT = "dwarf-with-dsym";
				ENABLE_NS_ASSERTIONS = NO;
				ENABLE_STRICT_OBJC_MSGSEND = YES;
				ENABLE_USER_SCRIPT_SANDBOXING = YES;
				GCC_C_LANGUAGE_STANDARD = gnu17;
				GCC_NO_COMMON_BLOCKS = YES;
				GCC_WARN_64_TO_32_BIT_CONVERSION = YES;
				GCC_WARN_ABOUT_RETURN_TYPE = YES_ERROR;
				GCC_WARN_UNDECLARED_SELECTOR = YES;
				GCC_WARN_UNINITIALIZED_AUTOS = YES_AGGRESSIVE;
				GCC_WARN_UNUSED_FUNCTION = YES;
				GCC_WARN_UNUSED_VARIABLE = YES;
				IPHONEOS_DEPLOYMENT_TARGET = 26.0;
				LOCALIZATION_PREFERS_STRING_CATALOGS = YES;
				MTL_ENABLE_DEBUG_INFO = NO;
				MTL_FAST_MATH = YES;
				SDKROOT = iphoneos;
				SWIFT_COMPILATION_MODE = wholemodule;
				VALIDATE_PRODUCT = YES;
			};
			name = Release;
		};
		E6CE113B2EB068F800F3918C /* Debug */ = {
			isa = XCBuildConfiguration;
			buildSettings = {
				ASSETCATALOG_COMPILER_APPICON_NAME = AppIcon;
				ASSETCATALOG_COMPILER_GLOBAL_ACCENT_COLOR_NAME = AccentColor;
				CODE_SIGN_STYLE = Automatic;
				CURRENT_PROJECT_VERSION = 1;
				ENABLE_PREVIEWS = YES;
				GENERATE_INFOPLIST_FILE = YES;
				INFOPLIST_KEY_UIApplicationSceneManifest_Generation = YES;
				INFOPLIST_KEY_UIApplicationSupportsIndirectInputEvents = YES;
				INFOPLIST_KEY_UILaunchScreen_Generation = YES;
				INFOPLIST_KEY_UISupportedInterfaceOrientations_iPad = "UIInterfaceOrientationPortrait UIInterfaceOrientationPortraitUpsideDown UIInterfaceOrientationLandscapeLeft UIInterfaceOrientationLandscapeRight";
				INFOPLIST_KEY_UISupportedInterfaceOrientations_iPhone = "UIInterfaceOrientationPortrait UIInterfaceOrientationLandscapeLeft UIInterfaceOrientationLandscapeRight";
				LD_RUNPATH_SEARCH_PATHS = (
					"$(inherited)",
					"@executable_path/Frameworks",
				);
				MARKETING_VERSION = 1.0;
				PRODUCT_BUNDLE_IDENTIFIER = hp.GhibliSwiftUIApp;
				PRODUCT_NAME = "$(TARGET_NAME)";
				STRING_CATALOG_GENERATE_SYMBOLS = YES;
				SWIFT_APPROACHABLE_CONCURRENCY = YES;
				SWIFT_DEFAULT_ACTOR_ISOLATION = MainActor;
				SWIFT_EMIT_LOC_STRINGS = YES;
				SWIFT_UPCOMING_FEATURE_MEMBER_IMPORT_VISIBILITY = YES;
				SWIFT_VERSION = 5.0;
				TARGETED_DEVICE_FAMILY = "1,2";
			};
			name = Debug;
		};
		E6CE113C2EB068F800F3918C /* Release */ = {
			isa = XCBuildConfiguration;
			buildSettings = {
				ASSETCATALOG_COMPILER_APPICON_NAME = AppIcon;
				ASSETCATALOG_COMPILER_GLOBAL_ACCENT_COLOR_NAME = AccentColor;
				CODE_SIGN_STYLE = Automatic;
				CURRENT_PROJECT_VERSION = 1;
				ENABLE_PREVIEWS = YES;
				GENERATE_INFOPLIST_FILE = YES;
				INFOPLIST_KEY_UIApplicationSceneManifest_Generation = YES;
				INFOPLIST_KEY_UIApplicationSupportsIndirectInputEvents = YES;
				INFOPLIST_KEY_UILaunchScreen_Generation = YES;
				INFOPLIST_KEY_UISupportedInterfaceOrientations_iPad = "UIInterfaceOrientationPortrait UIInterfaceOrientationPortraitUpsideDown UIInterfaceOrientationLandscapeLeft UIInterfaceOrientationLandscapeRight";
				INFOPLIST_KEY_UISupportedInterfaceOrientations_iPhone = "UIInterfaceOrientationPortrait UIInterfaceOrientationLandscapeLeft UIInterfaceOrientationLandscapeRight";
				LD_RUNPATH_SEARCH_PATHS = (
					"$(inherited)",
					"@executable_path/Frameworks",
				);
				MARKETING_VERSION = 1.0;
				PRODUCT_BUNDLE_IDENTIFIER = hp.GhibliSwiftUIApp;
				PRODUCT_NAME = "$(TARGET_NAME)";
				STRING_CATALOG_GENERATE_SYMBOLS = YES;
				SWIFT_APPROACHABLE_CONCURRENCY = YES;
				SWIFT_DEFAULT_ACTOR_ISOLATION = MainActor;
				SWIFT_EMIT_LOC_STRINGS = YES;
				SWIFT_UPCOMING_FEATURE_MEMBER_IMPORT_VISIBILITY = YES;
				SWIFT_VERSION = 5.0;
				TARGETED_DEVICE_FAMILY = "1,2";
			};
			name = Release;
		};
		E6CE113E2EB068F800F3918C /* Debug */ = {
			isa = XCBuildConfiguration;
			buildSettings = {
				BUNDLE_LOADER = "$(TEST_HOST)";
				CODE_SIGN_STYLE = Automatic;
				CURRENT_PROJECT_VERSION = 1;
				GENERATE_INFOPLIST_FILE = YES;
				IPHONEOS_DEPLOYMENT_TARGET = 26.0;
				MARKETING_VERSION = 1.0;
				PRODUCT_BUNDLE_IDENTIFIER = hp.GhibliSwiftUIAppTests;
				PRODUCT_NAME = "$(TARGET_NAME)";
				STRING_CATALOG_GENERATE_SYMBOLS = NO;
				SWIFT_APPROACHABLE_CONCURRENCY = YES;
				SWIFT_EMIT_LOC_STRINGS = NO;
				SWIFT_UPCOMING_FEATURE_MEMBER_IMPORT_VISIBILITY = YES;
				SWIFT_VERSION = 5.0;
				TARGETED_DEVICE_FAMILY = "1,2";
				TEST_HOST = "$(BUILT_PRODUCTS_DIR)/GhibliSwiftUIApp.app/$(BUNDLE_EXECUTABLE_FOLDER_PATH)/GhibliSwiftUIApp";
			};
			name = Debug;
		};
		E6CE113F2EB068F800F3918C /* Release */ = {
			isa = XCBuildConfiguration;
			buildSettings = {
				BUNDLE_LOADER = "$(TEST_HOST)";
				CODE_SIGN_STYLE = Automatic;
				CURRENT_PROJECT_VERSION = 1;
				GENERATE_INFOPLIST_FILE = YES;
				IPHONEOS_DEPLOYMENT_TARGET = 26.0;
				MARKETING_VERSION = 1.0;
				PRODUCT_BUNDLE_IDENTIFIER = hp.GhibliSwiftUIAppTests;
				PRODUCT_NAME = "$(TARGET_NAME)";
				STRING_CATALOG_GENERATE_SYMBOLS = NO;
				SWIFT_APPROACHABLE_CONCURRENCY = YES;
				SWIFT_EMIT_LOC_STRINGS = NO;
				SWIFT_UPCOMING_FEATURE_MEMBER_IMPORT_VISIBILITY = YES;
				SWIFT_VERSION = 5.0;
				TARGETED_DEVICE_FAMILY = "1,2";
				TEST_HOST = "$(BUILT_PRODUCTS_DIR)/GhibliSwiftUIApp.app/$(BUNDLE_EXECUTABLE_FOLDER_PATH)/GhibliSwiftUIApp";
			};
			name = Release;
		};
		E6CE11412EB068F800F3918C /* Debug */ = {
			isa = XCBuildConfiguration;
			buildSettings = {
				CODE_SIGN_STYLE = Automatic;
				CURRENT_PROJECT_VERSION = 1;
				GENERATE_INFOPLIST_FILE = YES;
				MARKETING_VERSION = 1.0;
				PRODUCT_BUNDLE_IDENTIFIER = hp.GhibliSwiftUIAppUITests;
				PRODUCT_NAME = "$(TARGET_NAME)";
				STRING_CATALOG_GENERATE_SYMBOLS = NO;
				SWIFT_APPROACHABLE_CONCURRENCY = YES;
				SWIFT_EMIT_LOC_STRINGS = NO;
				SWIFT_UPCOMING_FEATURE_MEMBER_IMPORT_VISIBILITY = YES;
				SWIFT_VERSION = 5.0;
				TARGETED_DEVICE_FAMILY = "1,2";
				TEST_TARGET_NAME = GhibliSwiftUIApp;
			};
			name = Debug;
		};
		E6CE11422EB068F800F3918C /* Release */ = {
			isa = XCBuildConfiguration;
			buildSettings = {
				CODE_SIGN_STYLE = Automatic;
				CURRENT_PROJECT_VERSION = 1;
				GENERATE_INFOPLIST_FILE = YES;
				MARKETING_VERSION = 1.0;
				PRODUCT_BUNDLE_IDENTIFIER = hp.GhibliSwiftUIAppUITests;
				PRODUCT_NAME = "$(TARGET_NAME)";
				STRING_CATALOG_GENERATE_SYMBOLS = NO;
				SWIFT_APPROACHABLE_CONCURRENCY = YES;
				SWIFT_EMIT_LOC_STRINGS = NO;
				SWIFT_UPCOMING_FEATURE_MEMBER_IMPORT_VISIBILITY = YES;
				SWIFT_VERSION = 5.0;
				TARGETED_DEVICE_FAMILY = "1,2";
				TEST_TARGET_NAME = GhibliSwiftUIApp;
			};
			name = Release;
		};
/* End XCBuildConfiguration section */

/* Begin XCConfigurationList section */
		E6CE11142EB068F700F3918C /* Build configuration list for PBXProject "GhibliSwiftUIApp" */ = {
			isa = XCConfigurationList;
			buildConfigurations = (
				E6CE11382EB068F800F3918C /* Debug */,
				E6CE11392EB068F800F3918C /* Release */,
			);
			defaultConfigurationIsVisible = 0;
			defaultConfigurationName = Release;
		};
		E6CE113A2EB068F800F3918C /* Build configuration list for PBXNativeTarget "GhibliSwiftUIApp" */ = {
			isa = XCConfigurationList;
			buildConfigurations = (
				E6CE113B2EB068F800F3918C /* Debug */,
				E6CE113C2EB068F800F3918C /* Release */,
			);
			defaultConfigurationIsVisible = 0;
			defaultConfigurationName = Release;
		};
		E6CE113D2EB068F800F3918C /* Build configuration list for PBXNativeTarget "GhibliSwiftUIAppTests" */ = {
			isa = XCConfigurationList;
			buildConfigurations = (
				E6CE113E2EB068F800F3918C /* Debug */,
				E6CE113F2EB068F800F3918C /* Release */,
			);
			defaultConfigurationIsVisible = 0;
			defaultConfigurationName = Release;
		};
		E6CE11402EB068F800F3918C /* Build configuration list for PBXNativeTarget "GhibliSwiftUIAppUITests" */ = {
			isa = XCConfigurationList;
			buildConfigurations = (
				E6CE11412EB068F800F3918C /* Debug */,
				E6CE11422EB068F800F3918C /* Release */,
			);
			defaultConfigurationIsVisible = 0;
			defaultConfigurationName = Release;
		};
/* End XCConfigurationList section */
	};
	rootObject = E6CE11112EB068F700F3918C /* Project object */;
}
